
Microsoft Visual Studio Solution File, Format Version 12.00
# Visual Studio Version 17
VisualStudioVersion = 17.6.33829.357
MinimumVisualStudioVersion = 10.0.40219.1
Project("{9A19103F-16F7-4668-BE54-9A1E7A4F7556}") = "ShoppingListDemo.Server", "ShoppingListDemo\Server\ShoppingListDemo.Server.csproj", "{2977D466-1752-4E62-8766-182E3CE29A19}"
EndProject
Project("{9A19103F-16F7-4668-BE54-9A1E7A4F7556}") = "ShoppingListDemo.Client", "ShoppingListDemo\Client\ShoppingListDemo.Client.csproj", "{B9F75CEC-F9FE-46E2-8958-33F07AC29F33}"
EndProject
Project("{9A19103F-16F7-4668-BE54-9A1E7A4F7556}") = "ShoppingListDemo.Shared", "ShoppingListDemo\Shared\ShoppingListDemo.Shared.csproj", "{8FBE0BAE-2446-4EBC-BB78-779E067A9560}"
EndProject
Global
	GlobalSection(SolutionConfigurationPlatforms) = preSolution
		Debug|Any CPU = Debug|Any CPU
		Release|Any CPU = Release|Any CPU
	EndGlobalSection
	GlobalSection(ProjectConfigurationPlatforms) = postSolution
		{2977D466-1752-4E62-8766-182E3CE29A19}.Debug|Any CPU.ActiveCfg = Debug|Any CPU
		{2977D466-1752-4E62-8766-182E3CE29A19}.Debug|Any CPU.Build.0 = Debug|Any CPU
		{2977D466-1752-4E62-8766-182E3CE29A19}.Release|Any CPU.ActiveCfg = Release|Any CPU
		{2977D466-1752-4E62-8766-182E3CE29A19}.Release|Any CPU.Build.0 = Release|Any CPU
		{B9F75CEC-F9FE-46E2-8958-33F07AC29F33}.Debug|Any CPU.ActiveCfg = Debug|Any CPU
		{B9F75CEC-F9FE-46E2-8958-33F07AC29F33}.Debug|Any CPU.Build.0 = Debug|Any CPU
		{B9F75CEC-F9FE-46E2-8958-33F07AC29F33}.Release|Any CPU.ActiveCfg = Release|Any CPU
		{B9F75CEC-F9FE-46E2-8958-33F07AC29F33}.Release|Any CPU.Build.0 = Release|Any CPU
		{8FBE0BAE-2446-4EBC-BB78-779E067A9560}.Debug|Any CPU.ActiveCfg = Debug|Any CPU
		{8FBE0BAE-2446-4EBC-BB78-779E067A9560}.Debug|Any CPU.Build.0 = Debug|Any CPU
		{8FBE0BAE-2446-4EBC-BB78-779E067A9560}.Release|Any CPU.ActiveCfg = Release|Any CPU
		{8FBE0BAE-2446-4EBC-BB78-779E067A9560}.Release|Any CPU.Build.0 = Release|Any CPU
	EndGlobalSection
	GlobalSection(SolutionProperties) = preSolution
		HideSolutionNode = FALSE
	EndGlobalSection
	GlobalSection(ExtensibilityGlobals) = postSolution
		SolutionGuid = {A0692BED-D7E3-4FA2-A364-003CC916592F}
	EndGlobalSection
EndGlobal
